{
  "nodes": {
    "flake-parts": {
      "inputs": {
        "nixpkgs-lib": "nixpkgs-lib"
      },
      "locked": {
        "lastModified": 1685662779,
        "narHash": "sha256-cKDDciXGpMEjP1n6HlzKinN0H+oLmNpgeCTzYnsA2po=",
        "owner": "hercules-ci",
        "repo": "flake-parts",
        "rev": "71fb97f0d875fd4de4994dfb849f2c75e17eb6c3",
        "type": "github"
      },
      "original": {
        "id": "flake-parts",
        "type": "indirect"
      }
    },
    "flake-utils": {
      "inputs": {
        "systems": "systems"
      },
      "locked": {
        "lastModified": 1681202837,
        "narHash": "sha256-H+Rh19JDwRtpVPAWp64F+rlEtxUWBAQW28eAi3SRSzg=",
        "owner": "numtide",
        "repo": "flake-utils",
        "rev": "cfacdce06f30d2b68473a46042957675eebb3401",
        "type": "github"
      },
      "original": {
        "owner": "numtide",
        "repo": "flake-utils",
        "type": "github"
      }
    },
    "flake-utils_2": {
      "locked": {
        "lastModified": 1659877975,
        "narHash": "sha256-zllb8aq3YO3h8B/U0/J1WBgAL8EX5yWf5pMj3G0NAmc=",
        "owner": "numtide",
        "repo": "flake-utils",
        "rev": "c0e246b9b83f637f4681389ecabcb2681b4f3af0",
        "type": "github"
      },
      "original": {
        "owner": "numtide",
        "repo": "flake-utils",
        "type": "github"
      }
    },
    "flake-utils_3": {
      "locked": {
        "lastModified": 1656928814,
        "narHash": "sha256-RIFfgBuKz6Hp89yRr7+NR5tzIAbn52h8vT6vXkYjZoM=",
        "owner": "numtide",
        "repo": "flake-utils",
        "rev": "7e2a3b3dfd9af950a856d66b0a7d01e3c18aa249",
        "type": "github"
      },
      "original": {
        "owner": "numtide",
        "repo": "flake-utils",
        "type": "github"
      }
    },
    "flake-utils_4": {
      "locked": {
        "lastModified": 1656928814,
        "narHash": "sha256-RIFfgBuKz6Hp89yRr7+NR5tzIAbn52h8vT6vXkYjZoM=",
        "owner": "numtide",
        "repo": "flake-utils",
        "rev": "7e2a3b3dfd9af950a856d66b0a7d01e3c18aa249",
        "type": "github"
      },
      "original": {
        "owner": "numtide",
        "repo": "flake-utils",
        "type": "github"
      }
    },
    "guacamolepkg": {
      "inputs": {
        "flake-parts": "flake-parts",
        "nixpkgs": [
          "nixpkgs"
        ]
      },
      "locked": {
        "lastModified": 1685957809,
        "narHash": "sha256-hvYno7ft99YWas634XmYtU//VHlmAFmA2b6oDR2CgRs=",
        "path": "/home/jonas/dev/guacamole",
        "type": "path"
      },
      "original": {
        "path": "/home/jonas/dev/guacamole",
        "type": "path"
      }
    },
    "home-manager": {
      "inputs": {
        "nixpkgs": [
          "nixpkgs"
        ]
      },
      "locked": {
        "lastModified": 1682072616,
        "narHash": "sha256-sR5RL3LACGuq5oePcAoJ/e1S3vitKQQSNACMYmqIE1E=",
        "owner": "nix-community",
        "repo": "home-manager",
        "rev": "47d6c3f65234230d37f1cf7d3d6b5575ec80fe0c",
        "type": "github"
      },
      "original": {
        "owner": "nix-community",
        "ref": "master",
        "repo": "home-manager",
        "type": "github"
      }
    },
    "newmpkg": {
      "inputs": {
        "flake-utils": "flake-utils_2",
        "nixpkgs": [
          "nixpkgs"
        ],
        "pywmpkg": "pywmpkg"
      },
      "locked": {
        "lastModified": 1678698466,
        "narHash": "sha256-9fzzQInAY8GFDaomQZR5Fedgx/nNn2qVcbgTjr0k1Nc=",
        "owner": "jbuchermn",
        "repo": "newm",
        "rev": "c7e8325dc055c671cd4a0bcf963273e00b38138f",
        "type": "github"
      },
      "original": {
        "owner": "jbuchermn",
        "repo": "newm",
        "type": "github"
      }
    },
    "nixpkgs": {
      "locked": {
        "lastModified": 1681920287,
        "narHash": "sha256-+/d6XQQfhhXVfqfLROJoqj3TuG38CAeoT6jO1g9r1k0=",
        "owner": "nixos",
        "repo": "nixpkgs",
        "rev": "645bc49f34fa8eff95479f0345ff57e55b53437e",
        "type": "github"
      },
      "original": {
        "owner": "nixos",
        "ref": "nixos-unstable",
        "repo": "nixpkgs",
        "type": "github"
      }
    },
    "nixpkgs-lib": {
      "locked": {
        "dir": "lib",
        "lastModified": 1685564631,
        "narHash": "sha256-8ywr3AkblY4++3lIVxmrWZFzac7+f32ZEhH/A8pNscI=",
        "owner": "NixOS",
        "repo": "nixpkgs",
        "rev": "4f53efe34b3a8877ac923b9350c874e3dcd5dc0a",
        "type": "github"
      },
      "original": {
        "dir": "lib",
        "owner": "NixOS",
        "ref": "nixos-unstable",
        "repo": "nixpkgs",
        "type": "github"
      }
    },
    "nur": {
      "locked": {
        "lastModified": 1682081880,
        "narHash": "sha256-bh/w5SYOPQKucAgII8771a8rSLaOvMPmieN34kpjgsc=",
        "owner": "nix-community",
        "repo": "NUR",
        "rev": "698ed88add2e72a486292aa66d41a316bf6c7631",
        "type": "github"
      },
      "original": {
        "owner": "nix-community",
        "repo": "NUR",
        "type": "github"
      }
    },
    "pywm": {
      "inputs": {
        "flake-utils": "flake-utils_4",
        "nixpkgs": [
          "pywm-fullscreenpkg",
          "nixpkgs"
        ]
      },
      "locked": {
        "lastModified": 1659183428,
        "narHash": "sha256-bMZPmSpaYuXAZB+jH/GevzJ5T7TBdCWavDBU1ieAKbw=",
        "owner": "jbuchermn",
        "repo": "pywm",
        "rev": "12d3ded1865d2b7f7b23111a6ceb753d2741df2a",
        "type": "github"
      },
      "original": {
        "owner": "jbuchermn",
        "repo": "pywm",
        "type": "github"
      }
    },
    "pywm-fullscreenpkg": {
      "inputs": {
        "flake-utils": "flake-utils_3",
        "nixpkgs": [
          "nixpkgs"
        ],
        "pywm": "pywm"
      },
      "locked": {
        "lastModified": 1659183815,
        "narHash": "sha256-g20ugdoow9cDrV3U0K5Pg852A8JVQe/wIY1MKBsAJi0=",
        "owner": "jbuchermn",
        "repo": "pywm-fullscreen",
        "rev": "d29459b8ea19bfc768b1e2c0507a84692bf0775f",
        "type": "github"
      },
      "original": {
        "owner": "jbuchermn",
        "repo": "pywm-fullscreen",
        "type": "github"
      }
    },
    "pywmpkg": {
      "inputs": {
        "flake-utils": [
          "newmpkg",
          "flake-utils"
        ],
        "nixpkgs": [
          "newmpkg",
          "nixpkgs"
        ]
      },
      "locked": {
        "lastModified": 1666033148,
        "narHash": "sha256-KNaTXo2ZDPFVYH7JBogV5z1M39KiNyMAH2cQSrLa7fs=",
        "owner": "jbuchermn",
        "repo": "pywm",
        "rev": "f20828d8c29dc430cf6d1e59e4fdf92dc3caf36a",
        "type": "github"
      },
      "original": {
        "owner": "jbuchermn",
        "repo": "pywm",
        "type": "github"
      }
    },
    "root": {
      "inputs": {
        "flake-utils": "flake-utils",
        "guacamolepkg": "guacamolepkg",
        "home-manager": "home-manager",
        "newmpkg": "newmpkg",
        "nixpkgs": "nixpkgs",
        "nur": "nur",
        "pywm-fullscreenpkg": "pywm-fullscreenpkg"
      }
    },
    "systems": {
      "locked": {
        "lastModified": 1681028828,
        "narHash": "sha256-Vy1rq5AaRuLzOxct8nz4T6wlgyUR7zLU309k9mBC768=",
        "owner": "nix-systems",
        "repo": "default",
        "rev": "da67096a3b9bf56a91d16901293e51ba5b49a27e",
        "type": "github"
      },
      "original": {
        "owner": "nix-systems",
        "repo": "default",
        "type": "github"
      }
    }
  },
  "root": "root",
  "version": 7
}
