{
  "nodes": {
    "flake-utils": {
      "locked": {
        "lastModified": 1642700792,
        "narHash": "sha256-XqHrk7hFb+zBvRg6Ghl+AZDq03ov6OshJLiSWOoX5es=",
        "owner": "numtide",
        "repo": "flake-utils",
        "rev": "846b2ae0fc4cc943637d3d1def4454213e203cba",
        "type": "github"
      },
      "original": {
        "owner": "numtide",
        "repo": "flake-utils",
        "type": "github"
      }
    },
    "flake-utils_2": {
      "locked": {
        "lastModified": 1642700792,
        "narHash": "sha256-XqHrk7hFb+zBvRg6Ghl+AZDq03ov6OshJLiSWOoX5es=",
        "owner": "numtide",
        "repo": "flake-utils",
        "rev": "846b2ae0fc4cc943637d3d1def4454213e203cba",
        "type": "github"
      },
      "original": {
        "owner": "numtide",
        "repo": "flake-utils",
        "type": "github"
      }
    },
    "flake-utils_3": {
      "locked": {
        "lastModified": 1642700792,
        "narHash": "sha256-XqHrk7hFb+zBvRg6Ghl+AZDq03ov6OshJLiSWOoX5es=",
        "owner": "numtide",
        "repo": "flake-utils",
        "rev": "846b2ae0fc4cc943637d3d1def4454213e203cba",
        "type": "github"
      },
      "original": {
        "owner": "numtide",
        "repo": "flake-utils",
        "type": "github"
      }
    },
    "flake-utils_4": {
      "locked": {
        "lastModified": 1642700792,
        "narHash": "sha256-XqHrk7hFb+zBvRg6Ghl+AZDq03ov6OshJLiSWOoX5es=",
        "owner": "numtide",
        "repo": "flake-utils",
        "rev": "846b2ae0fc4cc943637d3d1def4454213e203cba",
        "type": "github"
      },
      "original": {
        "owner": "numtide",
        "repo": "flake-utils",
        "type": "github"
      }
    },
    "home-manager": {
      "inputs": {
        "nixpkgs": [
          "nixpkgs"
        ]
      },
      "locked": {
        "lastModified": 1643579427,
        "narHash": "sha256-tV4M4+Aqd/3ZjEz1Q07j89KIlkt1oFH34RzpBkUeO/0=",
        "owner": "nix-community",
        "repo": "home-manager",
        "rev": "a52aed72c84a2a10102a92397339fa01fc0fe9cf",
        "type": "github"
      },
      "original": {
        "owner": "nix-community",
        "ref": "master",
        "repo": "home-manager",
        "type": "github"
      }
    },
    "newmpkg": {
      "inputs": {
        "flake-utils": "flake-utils",
        "nixpkgs": [
          "nixpkgs"
        ],
        "pywmpkg": "pywmpkg"
      },
      "locked": {
        "lastModified": 1643741664,
        "narHash": "sha256-QwdVdrSNYkqg+sFciLV/dorSNZi6DjhYa80B38bkgj4=",
        "owner": "jbuchermn",
        "repo": "newm",
        "rev": "16813d0ad1c64ac8e58b00f0cc1496f0b6622586",
        "type": "github"
      },
      "original": {
        "owner": "jbuchermn",
        "ref": "v0.3",
        "repo": "newm",
        "type": "github"
      }
    },
    "nixpkgs": {
      "locked": {
        "lastModified": 1643524588,
        "narHash": "sha256-Qh5AazxdOQRORbGkkvpKoovDl6ej/4PhDabFsqnueqw=",
        "owner": "nixos",
        "repo": "nixpkgs",
        "rev": "efeefb2af1469a5d1f0ae7ca8f0dfd9bb87d5cfb",
        "type": "github"
      },
      "original": {
        "owner": "nixos",
        "ref": "nixos-unstable",
        "repo": "nixpkgs",
        "type": "github"
      }
    },
    "nixpkgs_2": {
      "locked": {
        "lastModified": 1643524588,
        "narHash": "sha256-Qh5AazxdOQRORbGkkvpKoovDl6ej/4PhDabFsqnueqw=",
        "owner": "nixos",
        "repo": "nixpkgs",
        "rev": "efeefb2af1469a5d1f0ae7ca8f0dfd9bb87d5cfb",
        "type": "github"
      },
      "original": {
        "owner": "nixos",
        "ref": "nixos-unstable",
        "repo": "nixpkgs",
        "type": "github"
      }
    },
    "nixpkgs_3": {
      "locked": {
        "lastModified": 1643524588,
        "narHash": "sha256-Qh5AazxdOQRORbGkkvpKoovDl6ej/4PhDabFsqnueqw=",
        "owner": "nixos",
        "repo": "nixpkgs",
        "rev": "efeefb2af1469a5d1f0ae7ca8f0dfd9bb87d5cfb",
        "type": "github"
      },
      "original": {
        "owner": "nixos",
        "ref": "nixos-unstable",
        "repo": "nixpkgs",
        "type": "github"
      }
    },
    "nur": {
      "locked": {
        "lastModified": 1643729771,
        "narHash": "sha256-z8RWoKB4+2hJgOcYH7bfC6UCFurikM3xen+qetl9PD8=",
        "owner": "nix-community",
        "repo": "NUR",
        "rev": "dfef00db1637f160dd34a46d8d0a2f3f0d8c6ba7",
        "type": "github"
      },
      "original": {
        "owner": "nix-community",
        "repo": "NUR",
        "type": "github"
      }
    },
    "pywm": {
      "inputs": {
        "flake-utils": "flake-utils_4",
        "nixpkgs": "nixpkgs_3"
      },
      "locked": {
        "lastModified": 1643741560,
        "narHash": "sha256-ZWyfHPuFYS/63DlM3O2P6TEV+4WvxOqkn7rqtF0T3GA=",
        "owner": "jbuchermn",
        "repo": "pywm",
        "rev": "ef4a650d7b67a51673f9a428a764c1641edfbef9",
        "type": "github"
      },
      "original": {
        "owner": "jbuchermn",
        "ref": "v0.3",
        "repo": "pywm",
        "type": "github"
      }
    },
    "pywm-fullscreenpkg": {
      "inputs": {
        "flake-utils": "flake-utils_3",
        "nixpkgs": [
          "nixpkgs"
        ],
        "pywm": "pywm"
      },
      "locked": {
        "lastModified": 1643741748,
        "narHash": "sha256-w2IHZe2LOKEGKP8LNM9JETblQrARFitXmiIs4sMsCeo=",
        "owner": "jbuchermn",
        "repo": "pywm-fullscreen",
        "rev": "cd4d98d9d20e5592fd69155e22355a1ceab07d67",
        "type": "github"
      },
      "original": {
        "owner": "jbuchermn",
        "repo": "pywm-fullscreen",
        "type": "github"
      }
    },
    "pywmpkg": {
      "inputs": {
        "flake-utils": "flake-utils_2",
        "nixpkgs": "nixpkgs"
      },
      "locked": {
        "lastModified": 1643741560,
        "narHash": "sha256-ZWyfHPuFYS/63DlM3O2P6TEV+4WvxOqkn7rqtF0T3GA=",
        "owner": "jbuchermn",
        "repo": "pywm",
        "rev": "ef4a650d7b67a51673f9a428a764c1641edfbef9",
        "type": "github"
      },
      "original": {
        "owner": "jbuchermn",
        "ref": "v0.3",
        "repo": "pywm",
        "type": "github"
      }
    },
    "root": {
      "inputs": {
        "home-manager": "home-manager",
        "newmpkg": "newmpkg",
        "nixpkgs": "nixpkgs_2",
        "nur": "nur",
        "pywm-fullscreenpkg": "pywm-fullscreenpkg"
      }
    }
  },
  "root": "root",
  "version": 7
}
